
Microsoft Visual Studio Solution File, Format Version 12.00
# Visual Studio Version 17
VisualStudioVersion = 17.7.34221.43
MinimumVisualStudioVersion = 10.0.40219.1
Project("{FAE04EC0-301F-11D3-BF4B-00C04F79EFBC}") = "StringBuildersDemo", "StringBuildersDemo\StringBuildersDemo.csproj", "{C941E6E4-49F1-4EE9-8936-D0C4E04C21A5}"
EndProject
Global
	GlobalSection(SolutionConfigurationPlatforms) = preSolution
		Debug|Any CPU = Debug|Any CPU
		Release|Any CPU = Release|Any CPU
	EndGlobalSection
	GlobalSection(ProjectConfigurationPlatforms) = postSolution
		{C941E6E4-49F1-4EE9-8936-D0C4E04C21A5}.Debug|Any CPU.ActiveCfg = Debug|Any CPU
		{C941E6E4-49F1-4EE9-8936-D0C4E04C21A5}.Debug|Any CPU.Build.0 = Debug|Any CPU
		{C941E6E4-49F1-4EE9-8936-D0C4E04C21A5}.Release|Any CPU.ActiveCfg = Release|Any CPU
		{C941E6E4-49F1-4EE9-8936-D0C4E04C21A5}.Release|Any CPU.Build.0 = Release|Any CPU
	EndGlobalSection
	GlobalSection(SolutionProperties) = preSolution
		HideSolutionNode = FALSE
	EndGlobalSection
	GlobalSection(ExtensibilityGlobals) = postSolution
		SolutionGuid = {4BD582DE-4E57-4E0F-BD43-EA15769E0865}
	EndGlobalSection
EndGlobal
